
Microsoft Visual Studio Solution File, Format Version 12.00
# Visual Studio Version 17
VisualStudioVersion = 17.14.36221.1 d17.14
MinimumVisualStudioVersion = 10.0.40219.1
Project("{FAE04EC0-301F-11D3-BF4B-00C04F79EFBC}") = "ElevatorSystem", "ElevatorSystem.csproj", "{DC22DB9B-78E9-4662-8F6B-3532F34CCD6B}"
EndProject
Project("{FAE04EC0-301F-11D3-BF4B-00C04F79EFBC}") = "ElevatorSystem.Tests", "..\ElevatorSystem.Tests\ElevatorSystem.Tests.csproj", "{F0CA7CBD-BF2F-482B-8128-4D85AC7F5745}"
EndProject
Project("{2150E333-8FDC-42A3-9474-1A3956D46DE8}") = "Solution Items", "Solution Items", "{8EC462FD-D22E-90A8-E5CE-7E832BA40C5D}"
EndProject
Global
	GlobalSection(SolutionConfigurationPlatforms) = preSolution
		Debug|Any CPU = Debug|Any CPU
		Release|Any CPU = Release|Any CPU
	EndGlobalSection
	GlobalSection(ProjectConfigurationPlatforms) = postSolution
		{DC22DB9B-78E9-4662-8F6B-3532F34CCD6B}.Debug|Any CPU.ActiveCfg = Debug|Any CPU
		{DC22DB9B-78E9-4662-8F6B-3532F34CCD6B}.Debug|Any CPU.Build.0 = Debug|Any CPU
		{DC22DB9B-78E9-4662-8F6B-3532F34CCD6B}.Release|Any CPU.ActiveCfg = Release|Any CPU
		{DC22DB9B-78E9-4662-8F6B-3532F34CCD6B}.Release|Any CPU.Build.0 = Release|Any CPU
		{F0CA7CBD-BF2F-482B-8128-4D85AC7F5745}.Debug|Any CPU.ActiveCfg = Debug|Any CPU
		{F0CA7CBD-BF2F-482B-8128-4D85AC7F5745}.Debug|Any CPU.Build.0 = Debug|Any CPU
		{F0CA7CBD-BF2F-482B-8128-4D85AC7F5745}.Release|Any CPU.ActiveCfg = Release|Any CPU
		{F0CA7CBD-BF2F-482B-8128-4D85AC7F5745}.Release|Any CPU.Build.0 = Release|Any CPU
	EndGlobalSection
	GlobalSection(SolutionProperties) = preSolution
		HideSolutionNode = FALSE
	EndGlobalSection
	GlobalSection(ExtensibilityGlobals) = postSolution
		SolutionGuid = {7B75944F-6665-4A98-9608-4717BFE55780}
	EndGlobalSection
EndGlobal
