
Microsoft Visual Studio Solution File, Format Version 12.00
# Visual Studio Version 17
VisualStudioVersion = 17.14.36221.1
MinimumVisualStudioVersion = 10.0.40219.1
Project("{FAE04EC0-301F-11D3-BF4B-00C04F79EFBC}") = "ElevatorSystem.Worker", "ElevatorSystem.Worker\ElevatorSystem.Worker.csproj", "{0728E9E3-20F0-9484-5712-0D9B6E0CDF46}"
EndProject
Project("{FAE04EC0-301F-11D3-BF4B-00C04F79EFBC}") = "ElevatorSystem.Tests", "ElevatorSystem.Tests\ElevatorSystem.Tests.csproj", "{0B5E41F2-C03A-4D33-AB75-145AF7C6E836}"
EndProject
Global
	GlobalSection(SolutionConfigurationPlatforms) = preSolution
		Debug|Any CPU = Debug|Any CPU
		Release|Any CPU = Release|Any CPU
	EndGlobalSection
	GlobalSection(ProjectConfigurationPlatforms) = postSolution
		{0728E9E3-20F0-9484-5712-0D9B6E0CDF46}.Debug|Any CPU.ActiveCfg = Debug|Any CPU
		{0728E9E3-20F0-9484-5712-0D9B6E0CDF46}.Debug|Any CPU.Build.0 = Debug|Any CPU
		{0728E9E3-20F0-9484-5712-0D9B6E0CDF46}.Release|Any CPU.ActiveCfg = Release|Any CPU
		{0728E9E3-20F0-9484-5712-0D9B6E0CDF46}.Release|Any CPU.Build.0 = Release|Any CPU
		{0B5E41F2-C03A-4D33-AB75-145AF7C6E836}.Debug|Any CPU.ActiveCfg = Debug|Any CPU
		{0B5E41F2-C03A-4D33-AB75-145AF7C6E836}.Debug|Any CPU.Build.0 = Debug|Any CPU
		{0B5E41F2-C03A-4D33-AB75-145AF7C6E836}.Release|Any CPU.ActiveCfg = Release|Any CPU
		{0B5E41F2-C03A-4D33-AB75-145AF7C6E836}.Release|Any CPU.Build.0 = Release|Any CPU
	EndGlobalSection
	GlobalSection(SolutionProperties) = preSolution
		HideSolutionNode = FALSE
	EndGlobalSection
	GlobalSection(ExtensibilityGlobals) = postSolution
		SolutionGuid = {7B75944F-6665-4A98-9608-4717BFE55780}
	EndGlobalSection
EndGlobal
